
Microsoft Visual Studio Solution File, Format Version 12.00
# Visual Studio Version 17
VisualStudioVersion = 17.10.34902.84
MinimumVisualStudioVersion = 10.0.40219.1
Project("{FAE04EC0-301F-11D3-BF4B-00C04F79EFBC}") = "ManboShopAPI", "ManboShopAPI\ManboShopAPI.csproj", "{BD84F95B-9164-4DFD-85D0-4EF84A81BBDC}"
EndProject
Global
	GlobalSection(SolutionConfigurationPlatforms) = preSolution
		Debug|Any CPU = Debug|Any CPU
		Release|Any CPU = Release|Any CPU
	EndGlobalSection
	GlobalSection(ProjectConfigurationPlatforms) = postSolution
		{BD84F95B-9164-4DFD-85D0-4EF84A81BBDC}.Debug|Any CPU.ActiveCfg = Debug|Any CPU
		{BD84F95B-9164-4DFD-85D0-4EF84A81BBDC}.Debug|Any CPU.Build.0 = Debug|Any CPU
		{BD84F95B-9164-4DFD-85D0-4EF84A81BBDC}.Release|Any CPU.ActiveCfg = Release|Any CPU
		{BD84F95B-9164-4DFD-85D0-4EF84A81BBDC}.Release|Any CPU.Build.0 = Release|Any CPU
	EndGlobalSection
	GlobalSection(SolutionProperties) = preSolution
		HideSolutionNode = FALSE
	EndGlobalSection
	GlobalSection(ExtensibilityGlobals) = postSolution
		SolutionGuid = {D6A34774-2026-4E1C-9A52-CE7906858F61}
	EndGlobalSection
EndGlobal
